
Microsoft Visual Studio Solution File, Format Version 12.00
# Visual Studio Version 17
VisualStudioVersion = 17.0.31903.59
MinimumVisualStudioVersion = 10.0.40219.1
Project("{FAE04EC0-301F-11D3-BF4B-00C04F79EFBC}") = "API", "API\API.csproj", "{7FD9840D-2169-4B81-9940-6BD2DBC03169}"
EndProject
Project("{FAE04EC0-301F-11D3-BF4B-00C04F79EFBC}") = "Application", "Application\Application.csproj", "{6E27021B-DFF6-46EA-8AD4-4E7106E0E77F}"
EndProject
Project("{FAE04EC0-301F-11D3-BF4B-00C04F79EFBC}") = "Domain", "Domain\Domain.csproj", "{A8186E9F-C6A4-4B20-8E31-C45A6CE652B6}"
EndProject
Project("{FAE04EC0-301F-11D3-BF4B-00C04F79EFBC}") = "Persistence", "Persistence\Persistence.csproj", "{F8D5408D-A5E1-4406-9A2C-CCC8809BFDAD}"
EndProject
Global
	GlobalSection(SolutionConfigurationPlatforms) = preSolution
		Debug|Any CPU = Debug|Any CPU
		Release|Any CPU = Release|Any CPU
	EndGlobalSection
	GlobalSection(SolutionProperties) = preSolution
		HideSolutionNode = FALSE
	EndGlobalSection
	GlobalSection(ProjectConfigurationPlatforms) = postSolution
		{7FD9840D-2169-4B81-9940-6BD2DBC03169}.Debug|Any CPU.ActiveCfg = Debug|Any CPU
		{7FD9840D-2169-4B81-9940-6BD2DBC03169}.Debug|Any CPU.Build.0 = Debug|Any CPU
		{7FD9840D-2169-4B81-9940-6BD2DBC03169}.Release|Any CPU.ActiveCfg = Release|Any CPU
		{7FD9840D-2169-4B81-9940-6BD2DBC03169}.Release|Any CPU.Build.0 = Release|Any CPU
		{6E27021B-DFF6-46EA-8AD4-4E7106E0E77F}.Debug|Any CPU.ActiveCfg = Debug|Any CPU
		{6E27021B-DFF6-46EA-8AD4-4E7106E0E77F}.Debug|Any CPU.Build.0 = Debug|Any CPU
		{6E27021B-DFF6-46EA-8AD4-4E7106E0E77F}.Release|Any CPU.ActiveCfg = Release|Any CPU
		{6E27021B-DFF6-46EA-8AD4-4E7106E0E77F}.Release|Any CPU.Build.0 = Release|Any CPU
		{A8186E9F-C6A4-4B20-8E31-C45A6CE652B6}.Debug|Any CPU.ActiveCfg = Debug|Any CPU
		{A8186E9F-C6A4-4B20-8E31-C45A6CE652B6}.Debug|Any CPU.Build.0 = Debug|Any CPU
		{A8186E9F-C6A4-4B20-8E31-C45A6CE652B6}.Release|Any CPU.ActiveCfg = Release|Any CPU
		{A8186E9F-C6A4-4B20-8E31-C45A6CE652B6}.Release|Any CPU.Build.0 = Release|Any CPU
		{F8D5408D-A5E1-4406-9A2C-CCC8809BFDAD}.Debug|Any CPU.ActiveCfg = Debug|Any CPU
		{F8D5408D-A5E1-4406-9A2C-CCC8809BFDAD}.Debug|Any CPU.Build.0 = Debug|Any CPU
		{F8D5408D-A5E1-4406-9A2C-CCC8809BFDAD}.Release|Any CPU.ActiveCfg = Release|Any CPU
		{F8D5408D-A5E1-4406-9A2C-CCC8809BFDAD}.Release|Any CPU.Build.0 = Release|Any CPU
	EndGlobalSection
EndGlobal
